
Microsoft Visual Studio Solution File, Format Version 12.00
# Visual Studio Version 17
VisualStudioVersion = 17.5.33627.172
MinimumVisualStudioVersion = 10.0.40219.1
Project("{9A19103F-16F7-4668-BE54-9A1E7A4F7556}") = "MineSweeperApp", "MineSweeperApp.csproj", "{23AA64CE-6063-4DDE-8034-2B7B213E8157}"
EndProject
Project("{9A19103F-16F7-4668-BE54-9A1E7A4F7556}") = "MineSweeperAppTests", "..\MineSweeperAppTests\MineSweeperAppTests.csproj", "{D65A29A6-9D35-44D4-ADEA-D2752596917C}"
EndProject
Global
	GlobalSection(SolutionConfigurationPlatforms) = preSolution
		Debug|Any CPU = Debug|Any CPU
		Release|Any CPU = Release|Any CPU
	EndGlobalSection
	GlobalSection(ProjectConfigurationPlatforms) = postSolution
		{23AA64CE-6063-4DDE-8034-2B7B213E8157}.Debug|Any CPU.ActiveCfg = Debug|Any CPU
		{23AA64CE-6063-4DDE-8034-2B7B213E8157}.Debug|Any CPU.Build.0 = Debug|Any CPU
		{23AA64CE-6063-4DDE-8034-2B7B213E8157}.Release|Any CPU.ActiveCfg = Release|Any CPU
		{23AA64CE-6063-4DDE-8034-2B7B213E8157}.Release|Any CPU.Build.0 = Release|Any CPU
		{D65A29A6-9D35-44D4-ADEA-D2752596917C}.Debug|Any CPU.ActiveCfg = Debug|Any CPU
		{D65A29A6-9D35-44D4-ADEA-D2752596917C}.Debug|Any CPU.Build.0 = Debug|Any CPU
		{D65A29A6-9D35-44D4-ADEA-D2752596917C}.Release|Any CPU.ActiveCfg = Release|Any CPU
		{D65A29A6-9D35-44D4-ADEA-D2752596917C}.Release|Any CPU.Build.0 = Release|Any CPU
	EndGlobalSection
	GlobalSection(SolutionProperties) = preSolution
		HideSolutionNode = FALSE
	EndGlobalSection
	GlobalSection(ExtensibilityGlobals) = postSolution
		SolutionGuid = {E0BEEB27-1A2D-49F2-98A4-0CE5DC29BFB2}
	EndGlobalSection
EndGlobal
